github.com/behavioral-ai/core v0.0.0-20241204004648-19df76691f5e h1:L0lrlPb73CNyGV7faFRMiENf8w/YAhCyiD+n4QuL27Y=
github.com/behavioral-ai/core v0.0.0-20241204004648-19df76691f5e/go.mod h1:sqpbaRPtMXUb4j6CbCuwWvQrD6pUKJm5oZEKPDynlPE=
github.com/google/uuid v1.6.0 h1:NIvaJDMOsjHA8n1jAhLSgzrAzy1Hgr+hNrb57e+94F0=
github.com/google/uuid v1.6.0/go.mod h1:TIyPZe4MgqvfeYDBFedMoGGpEw/LqOeaOT+nhxU+yHo=
